
Microsoft Visual Studio Solution File, Format Version 12.00
# Visual Studio Version 17
VisualStudioVersion = 17.5.002.0
MinimumVisualStudioVersion = 10.0.40219.1
Project("{9A19103F-16F7-4668-BE54-9A1E7A4F7556}") = "API-Farm", "API-Farm.csproj", "{F76F5E73-F61D-4787-BCC5-8EDD65C3BBF7}"
EndProject
Global
	GlobalSection(SolutionConfigurationPlatforms) = preSolution
		Debug|Any CPU = Debug|Any CPU
		Release|Any CPU = Release|Any CPU
	EndGlobalSection
	GlobalSection(ProjectConfigurationPlatforms) = postSolution
		{F76F5E73-F61D-4787-BCC5-8EDD65C3BBF7}.Debug|Any CPU.ActiveCfg = Debug|Any CPU
		{F76F5E73-F61D-4787-BCC5-8EDD65C3BBF7}.Debug|Any CPU.Build.0 = Debug|Any CPU
		{F76F5E73-F61D-4787-BCC5-8EDD65C3BBF7}.Release|Any CPU.ActiveCfg = Release|Any CPU
		{F76F5E73-F61D-4787-BCC5-8EDD65C3BBF7}.Release|Any CPU.Build.0 = Release|Any CPU
	EndGlobalSection
	GlobalSection(SolutionProperties) = preSolution
		HideSolutionNode = FALSE
	EndGlobalSection
	GlobalSection(ExtensibilityGlobals) = postSolution
		SolutionGuid = {84BA19DE-FFA9-4BB7-A9DD-15DE53C79C85}
	EndGlobalSection
EndGlobal
